
Microsoft Visual Studio Solution File, Format Version 12.00
# Visual Studio Version 17
VisualStudioVersion = 17.4.33213.308
MinimumVisualStudioVersion = 10.0.40219.1
Project("{FAE04EC0-301F-11D3-BF4B-00C04F79EFBC}") = "ChallengeApp", "ChallengeApp\ChallengeApp.csproj", "{C6ACD7CA-A952-4205-B0F9-C0E2C10F9055}"
EndProject
Global
	GlobalSection(SolutionConfigurationPlatforms) = preSolution
		Debug|Any CPU = Debug|Any CPU
		Release|Any CPU = Release|Any CPU
	EndGlobalSection
	GlobalSection(ProjectConfigurationPlatforms) = postSolution
		{C6ACD7CA-A952-4205-B0F9-C0E2C10F9055}.Debug|Any CPU.ActiveCfg = Debug|Any CPU
		{C6ACD7CA-A952-4205-B0F9-C0E2C10F9055}.Debug|Any CPU.Build.0 = Debug|Any CPU
		{C6ACD7CA-A952-4205-B0F9-C0E2C10F9055}.Release|Any CPU.ActiveCfg = Release|Any CPU
		{C6ACD7CA-A952-4205-B0F9-C0E2C10F9055}.Release|Any CPU.Build.0 = Release|Any CPU
	EndGlobalSection
	GlobalSection(SolutionProperties) = preSolution
		HideSolutionNode = FALSE
	EndGlobalSection
	GlobalSection(ExtensibilityGlobals) = postSolution
		SolutionGuid = {D97DF5B5-0BEE-4386-8C8F-6F70A0596631}
	EndGlobalSection
EndGlobal
